{
  "name": "node-geojson-seg",
  "version": "1.0.0",
  "lockfileVersion": 1,
  "requires": true,
  "dependencies": {
    "geojson-seg": {
      "version": "0.0.2",
      "resolved": "https://registry.npmmirror.com/geojson-seg/-/geojson-seg-0.0.2.tgz",
      "integrity": "sha512-Z+sqAURsNuDa99wi9BTbQuGyktWRuRLCdEVIbS3QwID+45wW/6oSXwOzqbEsNFg8bnhYzKN9IqfWJ68aMgIV/g=="
    }
  }
}
